
Microsoft Visual Studio Solution File, Format Version 12.00
# Visual Studio Version 17
VisualStudioVersion = 17.5.002.0
MinimumVisualStudioVersion = 10.0.40219.1
Project("{9A19103F-16F7-4668-BE54-9A1E7A4F7556}") = "Concatenacao", "Concatenacao\Concatenacao.csproj", "{5B3B2192-AC51-4490-9046-484AABE07B4E}"
EndProject
Project("{9A19103F-16F7-4668-BE54-9A1E7A4F7556}") = "EntradaDeDados", "EntradaDeDados\EntradaDeDados.csproj", "{354C2596-AF29-4A89-867A-53877514EB53}"
EndProject
Project("{9A19103F-16F7-4668-BE54-9A1E7A4F7556}") = "ExercicioDeFixacao01", "ExercicioDeFixacao01\ExercicioDeFixacao01.csproj", "{B5E1775A-B437-40CD-A40D-F45696D88215}"
EndProject
Project("{9A19103F-16F7-4668-BE54-9A1E7A4F7556}") = "Interpolacao", "Interpolacao\Interpolacao.csproj", "{02559936-8760-499F-97EB-10D7F12243F0}"
EndProject
Project("{9A19103F-16F7-4668-BE54-9A1E7A4F7556}") = "operadores", "operadores\operadores.csproj", "{98A9EC6C-4E96-4E07-A8B2-A94835C84F77}"
EndProject
Project("{9A19103F-16F7-4668-BE54-9A1E7A4F7556}") = "Placeholders", "Placeholders\Placeholders.csproj", "{640306D0-4C01-412E-85E1-8E0493BDF32C}"
EndProject
Project("{9A19103F-16F7-4668-BE54-9A1E7A4F7556}") = "primeiroPrograma", "PrimeiroPrograma\primeiroPrograma.csproj", "{226B63BE-2C36-4BC1-B466-8FF9AACAEF19}"
EndProject
Project("{9A19103F-16F7-4668-BE54-9A1E7A4F7556}") = "saidaDeDados", "SaidaDeDados\saidaDeDados.csproj", "{35C9049D-D4EB-434A-B5D2-12325C3E8622}"
EndProject
Project("{2150E333-8FDC-42A3-9474-1A3956D46DE8}") = "estruturaSequencial", "estruturaSequencial", "{D9489076-D426-4B0A-A663-4C21E4DA13BF}"
EndProject
Project("{9A19103F-16F7-4668-BE54-9A1E7A4F7556}") = "Ex01", "estruturaSequencial\Ex01\Ex01.csproj", "{9F16EBB0-CF5C-4276-A2FC-226AB091FFA9}"
EndProject
Project("{9A19103F-16F7-4668-BE54-9A1E7A4F7556}") = "Ex02", "estruturaSequencial\Ex02\Ex02.csproj", "{121DE25D-5E89-42DA-828B-52E8A59EB81E}"
EndProject
Project("{9A19103F-16F7-4668-BE54-9A1E7A4F7556}") = "Ex03", "estruturaSequencial\Ex03\Ex03.csproj", "{9E64098C-B080-477C-B252-23F8550AAAD9}"
EndProject
Project("{9A19103F-16F7-4668-BE54-9A1E7A4F7556}") = "Ex04", "estruturaSequencial\Ex04\Ex04.csproj", "{50E162D6-8D85-4E74-B38B-A56A70E5DB2B}"
EndProject
Global
	GlobalSection(SolutionConfigurationPlatforms) = preSolution
		Debug|Any CPU = Debug|Any CPU
		Release|Any CPU = Release|Any CPU
	EndGlobalSection
	GlobalSection(ProjectConfigurationPlatforms) = postSolution
		{5B3B2192-AC51-4490-9046-484AABE07B4E}.Debug|Any CPU.ActiveCfg = Debug|Any CPU
		{5B3B2192-AC51-4490-9046-484AABE07B4E}.Debug|Any CPU.Build.0 = Debug|Any CPU
		{5B3B2192-AC51-4490-9046-484AABE07B4E}.Release|Any CPU.ActiveCfg = Release|Any CPU
		{5B3B2192-AC51-4490-9046-484AABE07B4E}.Release|Any CPU.Build.0 = Release|Any CPU
		{354C2596-AF29-4A89-867A-53877514EB53}.Debug|Any CPU.ActiveCfg = Debug|Any CPU
		{354C2596-AF29-4A89-867A-53877514EB53}.Debug|Any CPU.Build.0 = Debug|Any CPU
		{354C2596-AF29-4A89-867A-53877514EB53}.Release|Any CPU.ActiveCfg = Release|Any CPU
		{354C2596-AF29-4A89-867A-53877514EB53}.Release|Any CPU.Build.0 = Release|Any CPU
		{B5E1775A-B437-40CD-A40D-F45696D88215}.Debug|Any CPU.ActiveCfg = Debug|Any CPU
		{B5E1775A-B437-40CD-A40D-F45696D88215}.Debug|Any CPU.Build.0 = Debug|Any CPU
		{B5E1775A-B437-40CD-A40D-F45696D88215}.Release|Any CPU.ActiveCfg = Release|Any CPU
		{B5E1775A-B437-40CD-A40D-F45696D88215}.Release|Any CPU.Build.0 = Release|Any CPU
		{02559936-8760-499F-97EB-10D7F12243F0}.Debug|Any CPU.ActiveCfg = Debug|Any CPU
		{02559936-8760-499F-97EB-10D7F12243F0}.Debug|Any CPU.Build.0 = Debug|Any CPU
		{02559936-8760-499F-97EB-10D7F12243F0}.Release|Any CPU.ActiveCfg = Release|Any CPU
		{02559936-8760-499F-97EB-10D7F12243F0}.Release|Any CPU.Build.0 = Release|Any CPU
		{98A9EC6C-4E96-4E07-A8B2-A94835C84F77}.Debug|Any CPU.ActiveCfg = Debug|Any CPU
		{98A9EC6C-4E96-4E07-A8B2-A94835C84F77}.Debug|Any CPU.Build.0 = Debug|Any CPU
		{98A9EC6C-4E96-4E07-A8B2-A94835C84F77}.Release|Any CPU.ActiveCfg = Release|Any CPU
		{98A9EC6C-4E96-4E07-A8B2-A94835C84F77}.Release|Any CPU.Build.0 = Release|Any CPU
		{640306D0-4C01-412E-85E1-8E0493BDF32C}.Debug|Any CPU.ActiveCfg = Debug|Any CPU
		{640306D0-4C01-412E-85E1-8E0493BDF32C}.Debug|Any CPU.Build.0 = Debug|Any CPU
		{640306D0-4C01-412E-85E1-8E0493BDF32C}.Release|Any CPU.ActiveCfg = Release|Any CPU
		{640306D0-4C01-412E-85E1-8E0493BDF32C}.Release|Any CPU.Build.0 = Release|Any CPU
		{226B63BE-2C36-4BC1-B466-8FF9AACAEF19}.Debug|Any CPU.ActiveCfg = Debug|Any CPU
		{226B63BE-2C36-4BC1-B466-8FF9AACAEF19}.Debug|Any CPU.Build.0 = Debug|Any CPU
		{226B63BE-2C36-4BC1-B466-8FF9AACAEF19}.Release|Any CPU.ActiveCfg = Release|Any CPU
		{226B63BE-2C36-4BC1-B466-8FF9AACAEF19}.Release|Any CPU.Build.0 = Release|Any CPU
		{35C9049D-D4EB-434A-B5D2-12325C3E8622}.Debug|Any CPU.ActiveCfg = Debug|Any CPU
		{35C9049D-D4EB-434A-B5D2-12325C3E8622}.Debug|Any CPU.Build.0 = Debug|Any CPU
		{35C9049D-D4EB-434A-B5D2-12325C3E8622}.Release|Any CPU.ActiveCfg = Release|Any CPU
		{35C9049D-D4EB-434A-B5D2-12325C3E8622}.Release|Any CPU.Build.0 = Release|Any CPU
		{9F16EBB0-CF5C-4276-A2FC-226AB091FFA9}.Debug|Any CPU.ActiveCfg = Debug|Any CPU
		{9F16EBB0-CF5C-4276-A2FC-226AB091FFA9}.Debug|Any CPU.Build.0 = Debug|Any CPU
		{9F16EBB0-CF5C-4276-A2FC-226AB091FFA9}.Release|Any CPU.ActiveCfg = Release|Any CPU
		{9F16EBB0-CF5C-4276-A2FC-226AB091FFA9}.Release|Any CPU.Build.0 = Release|Any CPU
		{121DE25D-5E89-42DA-828B-52E8A59EB81E}.Debug|Any CPU.ActiveCfg = Debug|Any CPU
		{121DE25D-5E89-42DA-828B-52E8A59EB81E}.Debug|Any CPU.Build.0 = Debug|Any CPU
		{121DE25D-5E89-42DA-828B-52E8A59EB81E}.Release|Any CPU.ActiveCfg = Release|Any CPU
		{121DE25D-5E89-42DA-828B-52E8A59EB81E}.Release|Any CPU.Build.0 = Release|Any CPU
		{9E64098C-B080-477C-B252-23F8550AAAD9}.Debug|Any CPU.ActiveCfg = Debug|Any CPU
		{9E64098C-B080-477C-B252-23F8550AAAD9}.Debug|Any CPU.Build.0 = Debug|Any CPU
		{9E64098C-B080-477C-B252-23F8550AAAD9}.Release|Any CPU.ActiveCfg = Release|Any CPU
		{9E64098C-B080-477C-B252-23F8550AAAD9}.Release|Any CPU.Build.0 = Release|Any CPU
		{50E162D6-8D85-4E74-B38B-A56A70E5DB2B}.Debug|Any CPU.ActiveCfg = Debug|Any CPU
		{50E162D6-8D85-4E74-B38B-A56A70E5DB2B}.Debug|Any CPU.Build.0 = Debug|Any CPU
		{50E162D6-8D85-4E74-B38B-A56A70E5DB2B}.Release|Any CPU.ActiveCfg = Release|Any CPU
		{50E162D6-8D85-4E74-B38B-A56A70E5DB2B}.Release|Any CPU.Build.0 = Release|Any CPU
	EndGlobalSection
	GlobalSection(SolutionProperties) = preSolution
		HideSolutionNode = FALSE
	EndGlobalSection
	GlobalSection(NestedProjects) = preSolution
		{9F16EBB0-CF5C-4276-A2FC-226AB091FFA9} = {D9489076-D426-4B0A-A663-4C21E4DA13BF}
		{121DE25D-5E89-42DA-828B-52E8A59EB81E} = {D9489076-D426-4B0A-A663-4C21E4DA13BF}
		{9E64098C-B080-477C-B252-23F8550AAAD9} = {D9489076-D426-4B0A-A663-4C21E4DA13BF}
		{50E162D6-8D85-4E74-B38B-A56A70E5DB2B} = {D9489076-D426-4B0A-A663-4C21E4DA13BF}
	EndGlobalSection
	GlobalSection(ExtensibilityGlobals) = postSolution
		SolutionGuid = {C7EF8F5E-4DD3-4076-93EE-9B77D8E038C9}
	EndGlobalSection
EndGlobal
